{
  "name": "@bezet/generator-js-lib",
  "version": "0.1.1",
  "lockfileVersion": 1,
  "requires": true,
  "dependencies": {
    "is-scoped": {
      "version": "1.0.0",
      "resolved": "https://registry.npmjs.org/is-scoped/-/is-scoped-1.0.0.tgz",
      "integrity": "sha1-RJypgpnnEwOCViieyytUDcQ3yzA=",
      "requires": {
        "scoped-regex": "1.0.0"
      }
    },
    "scoped-regex": {
      "version": "1.0.0",
      "resolved": "https://registry.npmjs.org/scoped-regex/-/scoped-regex-1.0.0.tgz",
      "integrity": "sha1-o0a7Gs1CB65wvXwMfKnlZra63bg="
    }
  }
}
